
Microsoft Visual Studio Solution File, Format Version 12.00
# Visual Studio 2012
Project("{FAE04EC0-301F-11D3-BF4B-00C04F79EFBC}") = "TileTest", "TileTest\TileTest.csproj", "{C691EB14-5907-48E5-BD03-89664425B927}"
EndProject
Project("{FAE04EC0-301F-11D3-BF4B-00C04F79EFBC}") = "ScheduledTaskAgent1", "ScheduledTaskAgent1\ScheduledTaskAgent1.csproj", "{C8596D15-6924-4D03-B94D-045159736908}"
EndProject
Global
	GlobalSection(SolutionConfigurationPlatforms) = preSolution
		Debug|Any CPU = Debug|Any CPU
		Debug|ARM = Debug|ARM
		Debug|x86 = Debug|x86
		Release|Any CPU = Release|Any CPU
		Release|ARM = Release|ARM
		Release|x86 = Release|x86
	EndGlobalSection
	GlobalSection(ProjectConfigurationPlatforms) = postSolution
		{C691EB14-5907-48E5-BD03-89664425B927}.Debug|Any CPU.ActiveCfg = Debug|Any CPU
		{C691EB14-5907-48E5-BD03-89664425B927}.Debug|Any CPU.Build.0 = Debug|Any CPU
		{C691EB14-5907-48E5-BD03-89664425B927}.Debug|Any CPU.Deploy.0 = Debug|Any CPU
		{C691EB14-5907-48E5-BD03-89664425B927}.Debug|ARM.ActiveCfg = Debug|ARM
		{C691EB14-5907-48E5-BD03-89664425B927}.Debug|ARM.Build.0 = Debug|ARM
		{C691EB14-5907-48E5-BD03-89664425B927}.Debug|ARM.Deploy.0 = Debug|ARM
		{C691EB14-5907-48E5-BD03-89664425B927}.Debug|x86.ActiveCfg = Debug|x86
		{C691EB14-5907-48E5-BD03-89664425B927}.Debug|x86.Build.0 = Debug|x86
		{C691EB14-5907-48E5-BD03-89664425B927}.Debug|x86.Deploy.0 = Debug|x86
		{C691EB14-5907-48E5-BD03-89664425B927}.Release|Any CPU.ActiveCfg = Release|Any CPU
		{C691EB14-5907-48E5-BD03-89664425B927}.Release|Any CPU.Build.0 = Release|Any CPU
		{C691EB14-5907-48E5-BD03-89664425B927}.Release|Any CPU.Deploy.0 = Release|Any CPU
		{C691EB14-5907-48E5-BD03-89664425B927}.Release|ARM.ActiveCfg = Release|ARM
		{C691EB14-5907-48E5-BD03-89664425B927}.Release|ARM.Build.0 = Release|ARM
		{C691EB14-5907-48E5-BD03-89664425B927}.Release|ARM.Deploy.0 = Release|ARM
		{C691EB14-5907-48E5-BD03-89664425B927}.Release|x86.ActiveCfg = Release|x86
		{C691EB14-5907-48E5-BD03-89664425B927}.Release|x86.Build.0 = Release|x86
		{C691EB14-5907-48E5-BD03-89664425B927}.Release|x86.Deploy.0 = Release|x86
		{C8596D15-6924-4D03-B94D-045159736908}.Debug|Any CPU.ActiveCfg = Debug|Any CPU
		{C8596D15-6924-4D03-B94D-045159736908}.Debug|Any CPU.Build.0 = Debug|Any CPU
		{C8596D15-6924-4D03-B94D-045159736908}.Debug|ARM.ActiveCfg = Debug|ARM
		{C8596D15-6924-4D03-B94D-045159736908}.Debug|ARM.Build.0 = Debug|ARM
		{C8596D15-6924-4D03-B94D-045159736908}.Debug|x86.ActiveCfg = Debug|x86
		{C8596D15-6924-4D03-B94D-045159736908}.Debug|x86.Build.0 = Debug|x86
		{C8596D15-6924-4D03-B94D-045159736908}.Release|Any CPU.ActiveCfg = Release|Any CPU
		{C8596D15-6924-4D03-B94D-045159736908}.Release|Any CPU.Build.0 = Release|Any CPU
		{C8596D15-6924-4D03-B94D-045159736908}.Release|ARM.ActiveCfg = Release|ARM
		{C8596D15-6924-4D03-B94D-045159736908}.Release|ARM.Build.0 = Release|ARM
		{C8596D15-6924-4D03-B94D-045159736908}.Release|x86.ActiveCfg = Release|x86
		{C8596D15-6924-4D03-B94D-045159736908}.Release|x86.Build.0 = Release|x86
	EndGlobalSection
	GlobalSection(SolutionProperties) = preSolution
		HideSolutionNode = FALSE
	EndGlobalSection
EndGlobal
